
Microsoft Visual Studio Solution File, Format Version 12.00
# Visual Studio Version 17
VisualStudioVersion = 17.0.31903.59
MinimumVisualStudioVersion = 10.0.40219.1
Project("{FAE04EC0-301F-11D3-BF4B-00C04F79EFBC}") = "HelloWorld", "HelloWorld\HelloWorld.csproj", "{3CB1D122-8305-4C7F-9273-BEE2D09E7548}"
EndProject
Project("{FAE04EC0-301F-11D3-BF4B-00C04F79EFBC}") = "AdventOfCode_Day1_1", "AdventOfCode_Day1_1\AdventOfCode_Day1_1.csproj", "{C8134C76-34C4-4E01-B56D-8470449140A6}"
EndProject
Project("{FAE04EC0-301F-11D3-BF4B-00C04F79EFBC}") = "AdventOfCode_Day1_2", "AdventOfCode_Day1_2\AdventOfCode_Day1_2.csproj", "{018B9843-1C31-412F-9104-2C3A75D35316}"
EndProject
Project("{FAE04EC0-301F-11D3-BF4B-00C04F79EFBC}") = "AdventOfCode_Day2_1", "AdventOfCode_Day2_1\AdventOfCode_Day2_1.csproj", "{5FA4F6B2-F02D-41BC-8256-76D653608775}"
EndProject
Project("{FAE04EC0-301F-11D3-BF4B-00C04F79EFBC}") = "AdventOfCode_Day2_2", "AdventOfCode_Day2_2\AdventOfCode_Day2_2.csproj", "{9BF7FA20-19FF-4A48-8806-97222FBDCEB0}"
EndProject
Project("{FAE04EC0-301F-11D3-BF4B-00C04F79EFBC}") = "AdventOfCode_Day3_1", "AdventOfCode_Day3_1\AdventOfCode_Day3_1.csproj", "{E3030C85-BEDD-435F-840E-CB6EB536D435}"
EndProject
Project("{FAE04EC0-301F-11D3-BF4B-00C04F79EFBC}") = "AdventOfCode_Day3_2", "AdventOfCode_Day3_2\AdventOfCode_Day3_2.csproj", "{880466C1-4E1D-41AB-8240-9ED348E5436A}"
EndProject
Project("{FAE04EC0-301F-11D3-BF4B-00C04F79EFBC}") = "AdventOfCode_Day4_1", "AdventOfCode_Day4_1\AdventOfCode_Day4_1.csproj", "{83741110-26B4-44A8-9668-F15B720CBD2C}"
EndProject
Project("{FAE04EC0-301F-11D3-BF4B-00C04F79EFBC}") = "AdventOfCode_Day4_2", "AdventOfCode_Day4_2\AdventOfCode_Day4_2.csproj", "{250F38E1-499F-48F4-8D06-1EEFA0762F52}"
EndProject
Project("{FAE04EC0-301F-11D3-BF4B-00C04F79EFBC}") = "AdventOfCode_Day5_1", "AdventOfCode_Day5_1\AdventOfCode_Day5_1.csproj", "{CA8B392D-3737-4A58-A2F2-78E52971B699}"
EndProject
Project("{FAE04EC0-301F-11D3-BF4B-00C04F79EFBC}") = "AdventOfCode_Day5_2", "AdventOfCode_Day5_2\AdventOfCode_Day5_2.csproj", "{B4463E5F-413F-420A-86AD-C8995FAE396C}"
EndProject
Project("{FAE04EC0-301F-11D3-BF4B-00C04F79EFBC}") = "AdventOfCode_Day6_1", "AdventOfCode_Day6_1\AdventOfCode_Day6_1.csproj", "{C9BDAF74-2BFE-4016-BDE2-E44B55D8DFB8}"
EndProject
Project("{FAE04EC0-301F-11D3-BF4B-00C04F79EFBC}") = "AdventOfCode_Day6_2", "AdventOfCode_Day6_2\AdventOfCode_Day6_2.csproj", "{B9861E1F-C80D-4C32-946B-E2DE488A3A6C}"
EndProject
Project("{FAE04EC0-301F-11D3-BF4B-00C04F79EFBC}") = "AdventOfCode_Day7_1", "AdventOfCode_Day7_1\AdventOfCode_Day7_1.csproj", "{3736FE36-DE57-423A-8EFE-733494D456D4}"
EndProject
Project("{FAE04EC0-301F-11D3-BF4B-00C04F79EFBC}") = "AdventOfCode_Day7_2", "AdventOfCode_Day7_2\AdventOfCode_Day7_2.csproj", "{C1B92455-7DEF-4BA1-8FEA-E23F6C72E7ED}"
EndProject
Project("{FAE04EC0-301F-11D3-BF4B-00C04F79EFBC}") = "AdventOfCode_Day8_1", "AdventOfCode_Day8_1\AdventOfCode_Day8_1.csproj", "{971E2287-DB92-413F-8108-85C2FB93DC52}"
EndProject
Project("{FAE04EC0-301F-11D3-BF4B-00C04F79EFBC}") = "AdventOfCode_Day8_2", "AdventOfCode_Day8_2\AdventOfCode_Day8_2.csproj", "{ED4936CE-A2F3-4C80-8A39-0739BC00BA17}"
EndProject
Project("{FAE04EC0-301F-11D3-BF4B-00C04F79EFBC}") = "AdventOfCode_Day9_1", "AdventOfCode_Day9_1\AdventOfCode_Day9_1.csproj", "{BAFFC2EF-DE42-482D-96A9-67EAE873A507}"
EndProject
Project("{FAE04EC0-301F-11D3-BF4B-00C04F79EFBC}") = "AdventOfCode_Day9_2", "AdventOfCode_Day9_2\AdventOfCode_Day9_2.csproj", "{AD7E2FFC-17EA-43DB-A3A9-6C017346462A}"
EndProject
Project("{FAE04EC0-301F-11D3-BF4B-00C04F79EFBC}") = "AdventOfCode_Day10_1", "AdventOfCode_Day10_1\AdventOfCode_Day10_1.csproj", "{2BEFC43D-B60F-4F98-BF50-A731AD1D4AF0}"
EndProject
Project("{FAE04EC0-301F-11D3-BF4B-00C04F79EFBC}") = "AdventOfCode_Day10_2", "AdventOfCode_Day10_2\AdventOfCode_Day10_2.csproj", "{53106DF6-4EA2-455D-8426-6DB67C52EFA8}"
EndProject
Global
	GlobalSection(SolutionConfigurationPlatforms) = preSolution
		Debug|Any CPU = Debug|Any CPU
		Release|Any CPU = Release|Any CPU
	EndGlobalSection
	GlobalSection(SolutionProperties) = preSolution
		HideSolutionNode = FALSE
	EndGlobalSection
	GlobalSection(ProjectConfigurationPlatforms) = postSolution
		{3CB1D122-8305-4C7F-9273-BEE2D09E7548}.Debug|Any CPU.ActiveCfg = Debug|Any CPU
		{3CB1D122-8305-4C7F-9273-BEE2D09E7548}.Debug|Any CPU.Build.0 = Debug|Any CPU
		{3CB1D122-8305-4C7F-9273-BEE2D09E7548}.Release|Any CPU.ActiveCfg = Release|Any CPU
		{3CB1D122-8305-4C7F-9273-BEE2D09E7548}.Release|Any CPU.Build.0 = Release|Any CPU
		{C8134C76-34C4-4E01-B56D-8470449140A6}.Debug|Any CPU.ActiveCfg = Debug|Any CPU
		{C8134C76-34C4-4E01-B56D-8470449140A6}.Debug|Any CPU.Build.0 = Debug|Any CPU
		{C8134C76-34C4-4E01-B56D-8470449140A6}.Release|Any CPU.ActiveCfg = Release|Any CPU
		{C8134C76-34C4-4E01-B56D-8470449140A6}.Release|Any CPU.Build.0 = Release|Any CPU
		{018B9843-1C31-412F-9104-2C3A75D35316}.Debug|Any CPU.ActiveCfg = Debug|Any CPU
		{018B9843-1C31-412F-9104-2C3A75D35316}.Debug|Any CPU.Build.0 = Debug|Any CPU
		{018B9843-1C31-412F-9104-2C3A75D35316}.Release|Any CPU.ActiveCfg = Release|Any CPU
		{018B9843-1C31-412F-9104-2C3A75D35316}.Release|Any CPU.Build.0 = Release|Any CPU
		{5FA4F6B2-F02D-41BC-8256-76D653608775}.Debug|Any CPU.ActiveCfg = Debug|Any CPU
		{5FA4F6B2-F02D-41BC-8256-76D653608775}.Debug|Any CPU.Build.0 = Debug|Any CPU
		{5FA4F6B2-F02D-41BC-8256-76D653608775}.Release|Any CPU.ActiveCfg = Release|Any CPU
		{5FA4F6B2-F02D-41BC-8256-76D653608775}.Release|Any CPU.Build.0 = Release|Any CPU
		{9BF7FA20-19FF-4A48-8806-97222FBDCEB0}.Debug|Any CPU.ActiveCfg = Debug|Any CPU
		{9BF7FA20-19FF-4A48-8806-97222FBDCEB0}.Debug|Any CPU.Build.0 = Debug|Any CPU
		{9BF7FA20-19FF-4A48-8806-97222FBDCEB0}.Release|Any CPU.ActiveCfg = Release|Any CPU
		{9BF7FA20-19FF-4A48-8806-97222FBDCEB0}.Release|Any CPU.Build.0 = Release|Any CPU
		{E3030C85-BEDD-435F-840E-CB6EB536D435}.Debug|Any CPU.ActiveCfg = Debug|Any CPU
		{E3030C85-BEDD-435F-840E-CB6EB536D435}.Debug|Any CPU.Build.0 = Debug|Any CPU
		{E3030C85-BEDD-435F-840E-CB6EB536D435}.Release|Any CPU.ActiveCfg = Release|Any CPU
		{E3030C85-BEDD-435F-840E-CB6EB536D435}.Release|Any CPU.Build.0 = Release|Any CPU
		{880466C1-4E1D-41AB-8240-9ED348E5436A}.Debug|Any CPU.ActiveCfg = Debug|Any CPU
		{880466C1-4E1D-41AB-8240-9ED348E5436A}.Debug|Any CPU.Build.0 = Debug|Any CPU
		{880466C1-4E1D-41AB-8240-9ED348E5436A}.Release|Any CPU.ActiveCfg = Release|Any CPU
		{880466C1-4E1D-41AB-8240-9ED348E5436A}.Release|Any CPU.Build.0 = Release|Any CPU
		{83741110-26B4-44A8-9668-F15B720CBD2C}.Debug|Any CPU.ActiveCfg = Debug|Any CPU
		{83741110-26B4-44A8-9668-F15B720CBD2C}.Debug|Any CPU.Build.0 = Debug|Any CPU
		{83741110-26B4-44A8-9668-F15B720CBD2C}.Release|Any CPU.ActiveCfg = Release|Any CPU
		{83741110-26B4-44A8-9668-F15B720CBD2C}.Release|Any CPU.Build.0 = Release|Any CPU
		{250F38E1-499F-48F4-8D06-1EEFA0762F52}.Debug|Any CPU.ActiveCfg = Debug|Any CPU
		{250F38E1-499F-48F4-8D06-1EEFA0762F52}.Debug|Any CPU.Build.0 = Debug|Any CPU
		{250F38E1-499F-48F4-8D06-1EEFA0762F52}.Release|Any CPU.ActiveCfg = Release|Any CPU
		{250F38E1-499F-48F4-8D06-1EEFA0762F52}.Release|Any CPU.Build.0 = Release|Any CPU
		{CA8B392D-3737-4A58-A2F2-78E52971B699}.Debug|Any CPU.ActiveCfg = Debug|Any CPU
		{CA8B392D-3737-4A58-A2F2-78E52971B699}.Debug|Any CPU.Build.0 = Debug|Any CPU
		{CA8B392D-3737-4A58-A2F2-78E52971B699}.Release|Any CPU.ActiveCfg = Release|Any CPU
		{CA8B392D-3737-4A58-A2F2-78E52971B699}.Release|Any CPU.Build.0 = Release|Any CPU
		{B4463E5F-413F-420A-86AD-C8995FAE396C}.Debug|Any CPU.ActiveCfg = Debug|Any CPU
		{B4463E5F-413F-420A-86AD-C8995FAE396C}.Debug|Any CPU.Build.0 = Debug|Any CPU
		{B4463E5F-413F-420A-86AD-C8995FAE396C}.Release|Any CPU.ActiveCfg = Release|Any CPU
		{B4463E5F-413F-420A-86AD-C8995FAE396C}.Release|Any CPU.Build.0 = Release|Any CPU
		{C9BDAF74-2BFE-4016-BDE2-E44B55D8DFB8}.Debug|Any CPU.ActiveCfg = Debug|Any CPU
		{C9BDAF74-2BFE-4016-BDE2-E44B55D8DFB8}.Debug|Any CPU.Build.0 = Debug|Any CPU
		{C9BDAF74-2BFE-4016-BDE2-E44B55D8DFB8}.Release|Any CPU.ActiveCfg = Release|Any CPU
		{C9BDAF74-2BFE-4016-BDE2-E44B55D8DFB8}.Release|Any CPU.Build.0 = Release|Any CPU
		{B9861E1F-C80D-4C32-946B-E2DE488A3A6C}.Debug|Any CPU.ActiveCfg = Debug|Any CPU
		{B9861E1F-C80D-4C32-946B-E2DE488A3A6C}.Debug|Any CPU.Build.0 = Debug|Any CPU
		{B9861E1F-C80D-4C32-946B-E2DE488A3A6C}.Release|Any CPU.ActiveCfg = Release|Any CPU
		{B9861E1F-C80D-4C32-946B-E2DE488A3A6C}.Release|Any CPU.Build.0 = Release|Any CPU
		{3736FE36-DE57-423A-8EFE-733494D456D4}.Debug|Any CPU.ActiveCfg = Debug|Any CPU
		{3736FE36-DE57-423A-8EFE-733494D456D4}.Debug|Any CPU.Build.0 = Debug|Any CPU
		{3736FE36-DE57-423A-8EFE-733494D456D4}.Release|Any CPU.ActiveCfg = Release|Any CPU
		{3736FE36-DE57-423A-8EFE-733494D456D4}.Release|Any CPU.Build.0 = Release|Any CPU
		{C1B92455-7DEF-4BA1-8FEA-E23F6C72E7ED}.Debug|Any CPU.ActiveCfg = Debug|Any CPU
		{C1B92455-7DEF-4BA1-8FEA-E23F6C72E7ED}.Debug|Any CPU.Build.0 = Debug|Any CPU
		{C1B92455-7DEF-4BA1-8FEA-E23F6C72E7ED}.Release|Any CPU.ActiveCfg = Release|Any CPU
		{C1B92455-7DEF-4BA1-8FEA-E23F6C72E7ED}.Release|Any CPU.Build.0 = Release|Any CPU
		{971E2287-DB92-413F-8108-85C2FB93DC52}.Debug|Any CPU.ActiveCfg = Debug|Any CPU
		{971E2287-DB92-413F-8108-85C2FB93DC52}.Debug|Any CPU.Build.0 = Debug|Any CPU
		{971E2287-DB92-413F-8108-85C2FB93DC52}.Release|Any CPU.ActiveCfg = Release|Any CPU
		{971E2287-DB92-413F-8108-85C2FB93DC52}.Release|Any CPU.Build.0 = Release|Any CPU
		{ED4936CE-A2F3-4C80-8A39-0739BC00BA17}.Debug|Any CPU.ActiveCfg = Debug|Any CPU
		{ED4936CE-A2F3-4C80-8A39-0739BC00BA17}.Debug|Any CPU.Build.0 = Debug|Any CPU
		{ED4936CE-A2F3-4C80-8A39-0739BC00BA17}.Release|Any CPU.ActiveCfg = Release|Any CPU
		{ED4936CE-A2F3-4C80-8A39-0739BC00BA17}.Release|Any CPU.Build.0 = Release|Any CPU
		{BAFFC2EF-DE42-482D-96A9-67EAE873A507}.Debug|Any CPU.ActiveCfg = Debug|Any CPU
		{BAFFC2EF-DE42-482D-96A9-67EAE873A507}.Debug|Any CPU.Build.0 = Debug|Any CPU
		{BAFFC2EF-DE42-482D-96A9-67EAE873A507}.Release|Any CPU.ActiveCfg = Release|Any CPU
		{BAFFC2EF-DE42-482D-96A9-67EAE873A507}.Release|Any CPU.Build.0 = Release|Any CPU
		{AD7E2FFC-17EA-43DB-A3A9-6C017346462A}.Debug|Any CPU.ActiveCfg = Debug|Any CPU
		{AD7E2FFC-17EA-43DB-A3A9-6C017346462A}.Debug|Any CPU.Build.0 = Debug|Any CPU
		{AD7E2FFC-17EA-43DB-A3A9-6C017346462A}.Release|Any CPU.ActiveCfg = Release|Any CPU
		{AD7E2FFC-17EA-43DB-A3A9-6C017346462A}.Release|Any CPU.Build.0 = Release|Any CPU
		{2BEFC43D-B60F-4F98-BF50-A731AD1D4AF0}.Debug|Any CPU.ActiveCfg = Debug|Any CPU
		{2BEFC43D-B60F-4F98-BF50-A731AD1D4AF0}.Debug|Any CPU.Build.0 = Debug|Any CPU
		{2BEFC43D-B60F-4F98-BF50-A731AD1D4AF0}.Release|Any CPU.ActiveCfg = Release|Any CPU
		{2BEFC43D-B60F-4F98-BF50-A731AD1D4AF0}.Release|Any CPU.Build.0 = Release|Any CPU
		{53106DF6-4EA2-455D-8426-6DB67C52EFA8}.Debug|Any CPU.ActiveCfg = Debug|Any CPU
		{53106DF6-4EA2-455D-8426-6DB67C52EFA8}.Debug|Any CPU.Build.0 = Debug|Any CPU
		{53106DF6-4EA2-455D-8426-6DB67C52EFA8}.Release|Any CPU.ActiveCfg = Release|Any CPU
		{53106DF6-4EA2-455D-8426-6DB67C52EFA8}.Release|Any CPU.Build.0 = Release|Any CPU
	EndGlobalSection
EndGlobal
